
Microsoft Visual Studio Solution File, Format Version 12.00
# Visual Studio Version 16
VisualStudioVersion = 16.0.35229.62
MinimumVisualStudioVersion = 10.0.40219.1
Project("{FAE04EC0-301F-11D3-BF4B-00C04F79EFBC}") = "Clave1_Grupo2", "Clave1_Grupo2.csproj", "{7A216C3D-0C32-4904-8FA7-DCE9CC28826E}"
EndProject
Global
	GlobalSection(SolutionConfigurationPlatforms) = preSolution
		Debug|Any CPU = Debug|Any CPU
		Release|Any CPU = Release|Any CPU
	EndGlobalSection
	GlobalSection(ProjectConfigurationPlatforms) = postSolution
		{7A216C3D-0C32-4904-8FA7-DCE9CC28826E}.Debug|Any CPU.ActiveCfg = Debug|Any CPU
		{7A216C3D-0C32-4904-8FA7-DCE9CC28826E}.Debug|Any CPU.Build.0 = Debug|Any CPU
		{7A216C3D-0C32-4904-8FA7-DCE9CC28826E}.Release|Any CPU.ActiveCfg = Release|Any CPU
		{7A216C3D-0C32-4904-8FA7-DCE9CC28826E}.Release|Any CPU.Build.0 = Release|Any CPU
	EndGlobalSection
	GlobalSection(SolutionProperties) = preSolution
		HideSolutionNode = FALSE
	EndGlobalSection
	GlobalSection(ExtensibilityGlobals) = postSolution
		SolutionGuid = {AD57B63E-D49C-4148-8748-48793410005D}
	EndGlobalSection
EndGlobal
